
Microsoft Visual Studio Solution File, Format Version 12.00
# Visual Studio Version 17
VisualStudioVersion = 17.2.32505.173
MinimumVisualStudioVersion = 10.0.40219.1
Project("{FAE04EC0-301F-11D3-BF4B-00C04F79EFBC}") = "NestExampleConsole", "NestExampleConsole\NestExampleConsole.csproj", "{508F23A0-B354-42D2-AEC6-00838BDAC5F3}"
EndProject
Global
	GlobalSection(SolutionConfigurationPlatforms) = preSolution
		Debug|Any CPU = Debug|Any CPU
		Release|Any CPU = Release|Any CPU
	EndGlobalSection
	GlobalSection(ProjectConfigurationPlatforms) = postSolution
		{508F23A0-B354-42D2-AEC6-00838BDAC5F3}.Debug|Any CPU.ActiveCfg = Debug|Any CPU
		{508F23A0-B354-42D2-AEC6-00838BDAC5F3}.Debug|Any CPU.Build.0 = Debug|Any CPU
		{508F23A0-B354-42D2-AEC6-00838BDAC5F3}.Release|Any CPU.ActiveCfg = Release|Any CPU
		{508F23A0-B354-42D2-AEC6-00838BDAC5F3}.Release|Any CPU.Build.0 = Release|Any CPU
	EndGlobalSection
	GlobalSection(SolutionProperties) = preSolution
		HideSolutionNode = FALSE
	EndGlobalSection
	GlobalSection(ExtensibilityGlobals) = postSolution
		SolutionGuid = {41FDCEDB-6031-460B-81C1-B04C96E690C2}
	EndGlobalSection
EndGlobal
